
Microsoft Visual Studio Solution File, Format Version 12.00
# Visual Studio Version 17
VisualStudioVersion = 17.5.33530.505
MinimumVisualStudioVersion = 10.0.40219.1
Project("{9A19103F-16F7-4668-BE54-9A1E7A4F7556}") = "Cadmus.Chgc.Parts", "Cadmus.Chgc.Parts\Cadmus.Chgc.Parts.csproj", "{39B96A15-F5A0-4F22-8DF9-036C3CF1DD11}"
EndProject
Project("{9A19103F-16F7-4668-BE54-9A1E7A4F7556}") = "Cadmus.Chgc.Services", "Cadmus.Chgc.Services\Cadmus.Chgc.Services.csproj", "{2E22D2E3-962D-4218-B353-189AF9F9EBA6}"
EndProject
Project("{9A19103F-16F7-4668-BE54-9A1E7A4F7556}") = "Cadmus.Chgc.Parts.Test", "Cadmus.Chgc.Parts.Test\Cadmus.Chgc.Parts.Test.csproj", "{54A4FC96-5778-4D49-AFDE-71B870711377}"
EndProject
Project("{2150E333-8FDC-42A3-9474-1A3956D46DE8}") = "Solution Items", "Solution Items", "{9A754FB5-6E70-4D4B-97D4-8D433D445C9B}"
	ProjectSection(SolutionItems) = preProject
		Pack.bat = Pack.bat
		Push.bat = Push.bat
		PushLocal.bat = PushLocal.bat
		README.md = README.md
	EndProjectSection
EndProject
Project("{FAE04EC0-301F-11D3-BF4B-00C04F79EFBC}") = "Cadmus.Chgc.Export", "Cadmus.Chgc.Export\Cadmus.Chgc.Export.csproj", "{95C0AB33-8D92-4E05-B605-39F6D87850E3}"
EndProject
Global
	GlobalSection(SolutionConfigurationPlatforms) = preSolution
		Debug|Any CPU = Debug|Any CPU
		Release|Any CPU = Release|Any CPU
	EndGlobalSection
	GlobalSection(ProjectConfigurationPlatforms) = postSolution
		{39B96A15-F5A0-4F22-8DF9-036C3CF1DD11}.Debug|Any CPU.ActiveCfg = Debug|Any CPU
		{39B96A15-F5A0-4F22-8DF9-036C3CF1DD11}.Debug|Any CPU.Build.0 = Debug|Any CPU
		{39B96A15-F5A0-4F22-8DF9-036C3CF1DD11}.Release|Any CPU.ActiveCfg = Release|Any CPU
		{39B96A15-F5A0-4F22-8DF9-036C3CF1DD11}.Release|Any CPU.Build.0 = Release|Any CPU
		{2E22D2E3-962D-4218-B353-189AF9F9EBA6}.Debug|Any CPU.ActiveCfg = Debug|Any CPU
		{2E22D2E3-962D-4218-B353-189AF9F9EBA6}.Debug|Any CPU.Build.0 = Debug|Any CPU
		{2E22D2E3-962D-4218-B353-189AF9F9EBA6}.Release|Any CPU.ActiveCfg = Release|Any CPU
		{2E22D2E3-962D-4218-B353-189AF9F9EBA6}.Release|Any CPU.Build.0 = Release|Any CPU
		{54A4FC96-5778-4D49-AFDE-71B870711377}.Debug|Any CPU.ActiveCfg = Debug|Any CPU
		{54A4FC96-5778-4D49-AFDE-71B870711377}.Debug|Any CPU.Build.0 = Debug|Any CPU
		{54A4FC96-5778-4D49-AFDE-71B870711377}.Release|Any CPU.ActiveCfg = Release|Any CPU
		{54A4FC96-5778-4D49-AFDE-71B870711377}.Release|Any CPU.Build.0 = Release|Any CPU
		{95C0AB33-8D92-4E05-B605-39F6D87850E3}.Debug|Any CPU.ActiveCfg = Debug|Any CPU
		{95C0AB33-8D92-4E05-B605-39F6D87850E3}.Debug|Any CPU.Build.0 = Debug|Any CPU
		{95C0AB33-8D92-4E05-B605-39F6D87850E3}.Release|Any CPU.ActiveCfg = Release|Any CPU
		{95C0AB33-8D92-4E05-B605-39F6D87850E3}.Release|Any CPU.Build.0 = Release|Any CPU
	EndGlobalSection
	GlobalSection(SolutionProperties) = preSolution
		HideSolutionNode = FALSE
	EndGlobalSection
	GlobalSection(ExtensibilityGlobals) = postSolution
		SolutionGuid = {D4B66951-55DA-4992-A307-3867ECA83AB5}
	EndGlobalSection
EndGlobal
